// !$*UTF8*$!
{
	archiveVersion = 1;
	classes = {
	};
	objectVersion = 51;
	objects = {

/* Begin PBXBuildFile section */
		A5C1F16C26390E0A0076C36C /* AppDelegate.swift in Sources */ = {isa = PBXBuildFile; fileRef = A5C1F16B26390E0A0076C36C /* AppDelegate.swift */; };
		A5C1F16E26390E0A0076C36C /* SceneDelegate.swift in Sources */ = {isa = PBXBuildFile; fileRef = A5C1F16D26390E0A0076C36C /* SceneDelegate.swift */; };
		A5C1F17326390E0A0076C36C /* Main.storyboard in Resources */ = {isa = PBXBuildFile; fileRef = A5C1F17126390E0A0076C36C /* Main.storyboard */; };
		A5C1F17526390E0A0076C36C /* Assets.xcassets in Resources */ = {isa = PBXBuildFile; fileRef = A5C1F17426390E0A0076C36C /* Assets.xcassets */; };
		A5C1F17826390E0A0076C36C /* LaunchScreen.storyboard in Resources */ = {isa = PBXBuildFile; fileRef = A5C1F17626390E0A0076C36C /* LaunchScreen.storyboard */; };
		A5C1F1822639105D0076C36C /* HomeViewController.swift in Sources */ = {isa = PBXBuildFile; fileRef = A5C1F1812639105D0076C36C /* HomeViewController.swift */; };
		A5C1F1862639112E0076C36C /* ImportantViewController.swift in Sources */ = {isa = PBXBuildFile; fileRef = A5C1F1852639112E0076C36C /* ImportantViewController.swift */; };
		A5C1F196263919210076C36C /* ToDoItem.swift in Sources */ = {isa = PBXBuildFile; fileRef = A5C1F195263919210076C36C /* ToDoItem.swift */; };
		A5C1F1BC263A03930076C36C /* AddViewController.swift in Sources */ = {isa = PBXBuildFile; fileRef = A5C1F1BB263A03930076C36C /* AddViewController.swift */; };
		A5C1F1C0263A3A2D0076C36C /* labelCell.swift in Sources */ = {isa = PBXBuildFile; fileRef = A5C1F1BE263A3A2D0076C36C /* labelCell.swift */; };
		A5C1F1C1263A3A2D0076C36C /* labelCell.xib in Resources */ = {isa = PBXBuildFile; fileRef = A5C1F1BF263A3A2D0076C36C /* labelCell.xib */; };
		A5C1F1C5263A4D170076C36C /* DateTableViewCell.swift in Sources */ = {isa = PBXBuildFile; fileRef = A5C1F1C3263A4D170076C36C /* DateTableViewCell.swift */; };
		A5C1F1C6263A4D170076C36C /* DateTableViewCell.xib in Resources */ = {isa = PBXBuildFile; fileRef = A5C1F1C4263A4D170076C36C /* DateTableViewCell.xib */; };
		BF60C0F1FDE6B0A04E20CA7D /* Pods_toDoNav.framework in Frameworks */ = {isa = PBXBuildFile; fileRef = ADEB3A0EDFEB9063DC9FB809 /* Pods_toDoNav.framework */; };
/* End PBXBuildFile section */

/* Begin PBXFileReference section */
		2121FC4292C38EE728FEE134 /* Pods-toDoNav.release.xcconfig */ = {isa = PBXFileReference; includeInIndex = 1; lastKnownFileType = text.xcconfig; name = "Pods-toDoNav.release.xcconfig"; path = "Target Support Files/Pods-toDoNav/Pods-toDoNav.release.xcconfig"; sourceTree = "<group>"; };
		3BCE9B3D2B7697A24201037E /* Pods-toDoNav.debug.xcconfig */ = {isa = PBXFileReference; includeInIndex = 1; lastKnownFileType = text.xcconfig; name = "Pods-toDoNav.debug.xcconfig"; path = "Target Support Files/Pods-toDoNav/Pods-toDoNav.debug.xcconfig"; sourceTree = "<group>"; };
		A5C1F16826390E0A0076C36C /* toDoNav.app */ = {isa = PBXFileReference; explicitFileType = wrapper.application; includeInIndex = 0; path = toDoNav.app; sourceTree = BUILT_PRODUCTS_DIR; };
		A5C1F16B26390E0A0076C36C /* AppDelegate.swift */ = {isa = PBXFileReference; lastKnownFileType = sourcecode.swift; path = AppDelegate.swift; sourceTree = "<group>"; };
		A5C1F16D26390E0A0076C36C /* SceneDelegate.swift */ = {isa = PBXFileReference; lastKnownFileType = sourcecode.swift; path = SceneDelegate.swift; sourceTree = "<group>"; };
		A5C1F17226390E0A0076C36C /* Base */ = {isa = PBXFileReference; lastKnownFileType = file.storyboard; name = Base; path = Base.lproj/Main.storyboard; sourceTree = "<group>"; };
		A5C1F17426390E0A0076C36C /* Assets.xcassets */ = {isa = PBXFileReference; lastKnownFileType = folder.assetcatalog; path = Assets.xcassets; sourceTree = "<group>"; };
		A5C1F17726390E0A0076C36C /* Base */ = {isa = PBXFileReference; lastKnownFileType = file.storyboard; name = Base; path = Base.lproj/LaunchScreen.storyboard; sourceTree = "<group>"; };
		A5C1F17926390E0A0076C36C /* Info.plist */ = {isa = PBXFileReference; lastKnownFileType = text.plist.xml; path = Info.plist; sourceTree = "<group>"; };
		A5C1F1812639105D0076C36C /* HomeViewController.swift */ = {isa = PBXFileReference; lastKnownFileType = sourcecode.swift; path = HomeViewController.swift; sourceTree = "<group>"; };
		A5C1F1852639112E0076C36C /* ImportantViewController.swift */ = {isa = PBXFileReference; lastKnownFileType = sourcecode.swift; path = ImportantViewController.swift; sourceTree = "<group>"; };
		A5C1F195263919210076C36C /* ToDoItem.swift */ = {isa = PBXFileReference; lastKnownFileType = sourcecode.swift; path = ToDoItem.swift; sourceTree = "<group>"; };
		A5C1F1BB263A03930076C36C /* AddViewController.swift */ = {isa = PBXFileReference; lastKnownFileType = sourcecode.swift; path = AddViewController.swift; sourceTree = "<group>"; };
		A5C1F1BE263A3A2D0076C36C /* labelCell.swift */ = {isa = PBXFileReference; lastKnownFileType = sourcecode.swift; path = labelCell.swift; sourceTree = "<group>"; };
		A5C1F1BF263A3A2D0076C36C /* labelCell.xib */ = {isa = PBXFileReference; lastKnownFileType = file.xib; path = labelCell.xib; sourceTree = "<group>"; };
		A5C1F1C3263A4D170076C36C /* DateTableViewCell.swift */ = {isa = PBXFileReference; lastKnownFileType = sourcecode.swift; path = DateTableViewCell.swift; sourceTree = "<group>"; };
		A5C1F1C4263A4D170076C36C /* DateTableViewCell.xib */ = {isa = PBXFileReference; lastKnownFileType = file.xib; path = DateTableViewCell.xib; sourceTree = "<group>"; };
		ADEB3A0EDFEB9063DC9FB809 /* Pods_toDoNav.framework */ = {isa = PBXFileReference; explicitFileType = wrapper.framework; includeInIndex = 0; path = Pods_toDoNav.framework; sourceTree = BUILT_PRODUCTS_DIR; };
/* End PBXFileReference section */

/* Begin PBXFrameworksBuildPhase section */
		A5C1F16526390E0A0076C36C /* Frameworks */ = {
			isa = PBXFrameworksBuildPhase;
			buildActionMask = 2147483647;
			files = (
				BF60C0F1FDE6B0A04E20CA7D /* Pods_toDoNav.framework in Frameworks */,
			);
			runOnlyForDeploymentPostprocessing = 0;
		};
/* End PBXFrameworksBuildPhase section */

/* Begin PBXGroup section */
		6BE42DA873D933FC03AB4BD9 /* Frameworks */ = {
			isa = PBXGroup;
			children = (
				ADEB3A0EDFEB9063DC9FB809 /* Pods_toDoNav.framework */,
			);
			name = Frameworks;
			sourceTree = "<group>";
		};
		A5C1F15F26390E0A0076C36C = {
			isa = PBXGroup;
			children = (
				A5C1F16A26390E0A0076C36C /* toDoNav */,
				A5C1F16926390E0A0076C36C /* Products */,
				C5901F92DE6C89A1893840B3 /* Pods */,
				6BE42DA873D933FC03AB4BD9 /* Frameworks */,
			);
			sourceTree = "<group>";
		};
		A5C1F16926390E0A0076C36C /* Products */ = {
			isa = PBXGroup;
			children = (
				A5C1F16826390E0A0076C36C /* toDoNav.app */,
			);
			name = Products;
			sourceTree = "<group>";
		};
		A5C1F16A26390E0A0076C36C /* toDoNav */ = {
			isa = PBXGroup;
			children = (
				A5C1F16B26390E0A0076C36C /* AppDelegate.swift */,
				A5C1F16D26390E0A0076C36C /* SceneDelegate.swift */,
				A5C1F1812639105D0076C36C /* HomeViewController.swift */,
				A5C1F1852639112E0076C36C /* ImportantViewController.swift */,
				A5C1F195263919210076C36C /* ToDoItem.swift */,
				A5C1F17126390E0A0076C36C /* Main.storyboard */,
				A5C1F17426390E0A0076C36C /* Assets.xcassets */,
				A5C1F17626390E0A0076C36C /* LaunchScreen.storyboard */,
				A5C1F17926390E0A0076C36C /* Info.plist */,
				A5C1F1BB263A03930076C36C /* AddViewController.swift */,
				A5C1F1C3263A4D170076C36C /* DateTableViewCell.swift */,
				A5C1F1C4263A4D170076C36C /* DateTableViewCell.xib */,
				A5C1F1BE263A3A2D0076C36C /* labelCell.swift */,
				A5C1F1BF263A3A2D0076C36C /* labelCell.xib */,
			);
			path = toDoNav;
			sourceTree = "<group>";
		};
		C5901F92DE6C89A1893840B3 /* Pods */ = {
			isa = PBXGroup;
			children = (
				3BCE9B3D2B7697A24201037E /* Pods-toDoNav.debug.xcconfig */,
				2121FC4292C38EE728FEE134 /* Pods-toDoNav.release.xcconfig */,
			);
			path = Pods;
			sourceTree = "<group>";
		};
/* End PBXGroup section */

/* Begin PBXNativeTarget section */
		A5C1F16726390E0A0076C36C /* toDoNav */ = {
			isa = PBXNativeTarget;
			buildConfigurationList = A5C1F17C26390E0A0076C36C /* Build configuration list for PBXNativeTarget "toDoNav" */;
			buildPhases = (
				7990E323DE74A2257BB4DAD2 /* [CP] Check Pods Manifest.lock */,
				A5C1F16426390E0A0076C36C /* Sources */,
				A5C1F16526390E0A0076C36C /* Frameworks */,
				A5C1F16626390E0A0076C36C /* Resources */,
				408F98CE8AED43075DEF970D /* [CP] Embed Pods Frameworks */,
			);
			buildRules = (
			);
			dependencies = (
			);
			name = toDoNav;
			productName = toDoNav;
			productReference = A5C1F16826390E0A0076C36C /* toDoNav.app */;
			productType = "com.apple.product-type.application";
		};
/* End PBXNativeTarget section */

/* Begin PBXProject section */
		A5C1F16026390E0A0076C36C /* Project object */ = {
			isa = PBXProject;
			attributes = {
				LastSwiftUpdateCheck = 1240;
				LastUpgradeCheck = 1240;
				TargetAttributes = {
					A5C1F16726390E0A0076C36C = {
						CreatedOnToolsVersion = 12.4;
					};
				};
			};
			buildConfigurationList = A5C1F16326390E0A0076C36C /* Build configuration list for PBXProject "toDoNav" */;
			compatibilityVersion = "Xcode 9.3";
			developmentRegion = en;
			hasScannedForEncodings = 0;
			knownRegions = (
				en,
				Base,
			);
			mainGroup = A5C1F15F26390E0A0076C36C;
			productRefGroup = A5C1F16926390E0A0076C36C /* Products */;
			projectDirPath = "";
			projectRoot = "";
			targets = (
				A5C1F16726390E0A0076C36C /* toDoNav */,
			);
		};
/* End PBXProject section */

/* Begin PBXResourcesBuildPhase section */
		A5C1F16626390E0A0076C36C /* Resources */ = {
			isa = PBXResourcesBuildPhase;
			buildActionMask = 2147483647;
			files = (
				A5C1F1C6263A4D170076C36C /* DateTableViewCell.xib in Resources */,
				A5C1F17826390E0A0076C36C /* LaunchScreen.storyboard in Resources */,
				A5C1F17526390E0A0076C36C /* Assets.xcassets in Resources */,
				A5C1F1C1263A3A2D0076C36C /* labelCell.xib in Resources */,
				A5C1F17326390E0A0076C36C /* Main.storyboard in Resources */,
			);
			runOnlyForDeploymentPostprocessing = 0;
		};
/* End PBXResourcesBuildPhase section */

/* Begin PBXShellScriptBuildPhase section */
		408F98CE8AED43075DEF970D /* [CP] Embed Pods Frameworks */ = {
			isa = PBXShellScriptBuildPhase;
			buildActionMask = 2147483647;
			files = (
			);
			inputFileListPaths = (
				"${PODS_ROOT}/Target Support Files/Pods-toDoNav/Pods-toDoNav-frameworks-${CONFIGURATION}-input-files.xcfilelist",
			);
			name = "[CP] Embed Pods Frameworks";
			outputFileListPaths = (
				"${PODS_ROOT}/Target Support Files/Pods-toDoNav/Pods-toDoNav-frameworks-${CONFIGURATION}-output-files.xcfilelist",
			);
			runOnlyForDeploymentPostprocessing = 0;
			shellPath = /bin/sh;
			shellScript = "\"${PODS_ROOT}/Target Support Files/Pods-toDoNav/Pods-toDoNav-frameworks.sh\"\n";
			showEnvVarsInLog = 0;
		};
		7990E323DE74A2257BB4DAD2 /* [CP] Check Pods Manifest.lock */ = {
			isa = PBXShellScriptBuildPhase;
			buildActionMask = 2147483647;
			files = (
			);
			inputFileListPaths = (
			);
			inputPaths = (
				"${PODS_PODFILE_DIR_PATH}/Podfile.lock",
				"${PODS_ROOT}/Manifest.lock",
			);
			name = "[CP] Check Pods Manifest.lock";
			outputFileListPaths = (
			);
			outputPaths = (
				"$(DERIVED_FILE_DIR)/Pods-toDoNav-checkManifestLockResult.txt",
			);
			runOnlyForDeploymentPostprocessing = 0;
			shellPath = /bin/sh;
			shellScript = "diff \"${PODS_PODFILE_DIR_PATH}/Podfile.lock\" \"${PODS_ROOT}/Manifest.lock\" > /dev/null\nif [ $? != 0 ] ; then\n    # print error to STDERR\n    echo \"error: The sandbox is not in sync with the Podfile.lock. Run 'pod install' or update your CocoaPods installation.\" >&2\n    exit 1\nfi\n# This output is used by Xcode 'outputs' to avoid re-running this script phase.\necho \"SUCCESS\" > \"${SCRIPT_OUTPUT_FILE_0}\"\n";
			showEnvVarsInLog = 0;
		};
/* End PBXShellScriptBuildPhase section */

/* Begin PBXSourcesBuildPhase section */
		A5C1F16426390E0A0076C36C /* Sources */ = {
			isa = PBXSourcesBuildPhase;
			buildActionMask = 2147483647;
			files = (
				A5C1F196263919210076C36C /* ToDoItem.swift in Sources */,
				A5C1F1C0263A3A2D0076C36C /* labelCell.swift in Sources */,
				A5C1F16C26390E0A0076C36C /* AppDelegate.swift in Sources */,
				A5C1F1C5263A4D170076C36C /* DateTableViewCell.swift in Sources */,
				A5C1F1BC263A03930076C36C /* AddViewController.swift in Sources */,
				A5C1F16E26390E0A0076C36C /* SceneDelegate.swift in Sources */,
				A5C1F1862639112E0076C36C /* ImportantViewController.swift in Sources */,
				A5C1F1822639105D0076C36C /* HomeViewController.swift in Sources */,
			);
			runOnlyForDeploymentPostprocessing = 0;
		};
/* End PBXSourcesBuildPhase section */

/* Begin PBXVariantGroup section */
		A5C1F17126390E0A0076C36C /* Main.storyboard */ = {
			isa = PBXVariantGroup;
			children = (
				A5C1F17226390E0A0076C36C /* Base */,
			);
			name = Main.storyboard;
			sourceTree = "<group>";
		};
		A5C1F17626390E0A0076C36C /* LaunchScreen.storyboard */ = {
			isa = PBXVariantGroup;
			children = (
				A5C1F17726390E0A0076C36C /* Base */,
			);
			name = LaunchScreen.storyboard;
			sourceTree = "<group>";
		};
/* End PBXVariantGroup section */

/* Begin XCBuildConfiguration section */
		A5C1F17A26390E0A0076C36C /* Debug */ = {
			isa = XCBuildConfiguration;
			buildSettings = {
				ALWAYS_SEARCH_USER_PATHS = NO;
				CLANG_ANALYZER_NONNULL = YES;
				CLANG_ANALYZER_NUMBER_OBJECT_CONVERSION = YES_AGGRESSIVE;
				CLANG_CXX_LANGUAGE_STANDARD = "gnu++14";
				CLANG_CXX_LIBRARY = "libc++";
				CLANG_ENABLE_MODULES = YES;
				CLANG_ENABLE_OBJC_ARC = YES;
				CLANG_ENABLE_OBJC_WEAK = YES;
				CLANG_WARN_BLOCK_CAPTURE_AUTORELEASING = YES;
				CLANG_WARN_BOOL_CONVERSION = YES;
				CLANG_WARN_COMMA = YES;
				CLANG_WARN_CONSTANT_CONVERSION = YES;
				CLANG_WARN_DEPRECATED_OBJC_IMPLEMENTATIONS = YES;
				CLANG_WARN_DIRECT_OBJC_ISA_USAGE = YES_ERROR;
				CLANG_WARN_DOCUMENTATION_COMMENTS = YES;
				CLANG_WARN_EMPTY_BODY = YES;
				CLANG_WARN_ENUM_CONVERSION = YES;
				CLANG_WARN_INFINITE_RECURSION = YES;
				CLANG_WARN_INT_CONVERSION = YES;
				CLANG_WARN_NON_LITERAL_NULL_CONVERSION = YES;
				CLANG_WARN_OBJC_IMPLICIT_RETAIN_SELF = YES;
				CLANG_WARN_OBJC_LITERAL_CONVERSION = YES;
				CLANG_WARN_OBJC_ROOT_CLASS = YES_ERROR;
				CLANG_WARN_QUOTED_INCLUDE_IN_FRAMEWORK_HEADER = YES;
				CLANG_WARN_RANGE_LOOP_ANALYSIS = YES;
				CLANG_WARN_STRICT_PROTOTYPES = YES;
				CLANG_WARN_SUSPICIOUS_MOVE = YES;
				CLANG_WARN_UNGUARDED_AVAILABILITY = YES_AGGRESSIVE;
				CLANG_WARN_UNREACHABLE_CODE = YES;
				CLANG_WARN__DUPLICATE_METHOD_MATCH = YES;
				COPY_PHASE_STRIP = NO;
				DEBUG_INFORMATION_FORMAT = dwarf;
				ENABLE_STRICT_OBJC_MSGSEND = YES;
				ENABLE_TESTABILITY = YES;
				GCC_C_LANGUAGE_STANDARD = gnu11;
				GCC_DYNAMIC_NO_PIC = NO;
				GCC_NO_COMMON_BLOCKS = YES;
				GCC_OPTIMIZATION_LEVEL = 0;
				GCC_PREPROCESSOR_DEFINITIONS = (
					"DEBUG=1",
					"$(inherited)",
				);
				GCC_WARN_64_TO_32_BIT_CONVERSION = YES;
				GCC_WARN_ABOUT_RETURN_TYPE = YES_ERROR;
				GCC_WARN_UNDECLARED_SELECTOR = YES;
				GCC_WARN_UNINITIALIZED_AUTOS = YES_AGGRESSIVE;
				GCC_WARN_UNUSED_FUNCTION = YES;
				GCC_WARN_UNUSED_VARIABLE = YES;
				IPHONEOS_DEPLOYMENT_TARGET = 14.4;
				MTL_ENABLE_DEBUG_INFO = INCLUDE_SOURCE;
				MTL_FAST_MATH = YES;
				ONLY_ACTIVE_ARCH = YES;
				SDKROOT = iphoneos;
				SWIFT_ACTIVE_COMPILATION_CONDITIONS = DEBUG;
				SWIFT_OPTIMIZATION_LEVEL = "-Onone";
			};
			name = Debug;
		};
		A5C1F17B26390E0A0076C36C /* Release */ = {
			isa = XCBuildConfiguration;
			buildSettings = {
				ALWAYS_SEARCH_USER_PATHS = NO;
				CLANG_ANALYZER_NONNULL = YES;
				CLANG_ANALYZER_NUMBER_OBJECT_CONVERSION = YES_AGGRESSIVE;
				CLANG_CXX_LANGUAGE_STANDARD = "gnu++14";
				CLANG_CXX_LIBRARY = "libc++";
				CLANG_ENABLE_MODULES = YES;
				CLANG_ENABLE_OBJC_ARC = YES;
				CLANG_ENABLE_OBJC_WEAK = YES;
				CLANG_WARN_BLOCK_CAPTURE_AUTORELEASING = YES;
				CLANG_WARN_BOOL_CONVERSION = YES;
				CLANG_WARN_COMMA = YES;
				CLANG_WARN_CONSTANT_CONVERSION = YES;
				CLANG_WARN_DEPRECATED_OBJC_IMPLEMENTATIONS = YES;
				CLANG_WARN_DIRECT_OBJC_ISA_USAGE = YES_ERROR;
				CLANG_WARN_DOCUMENTATION_COMMENTS = YES;
				CLANG_WARN_EMPTY_BODY = YES;
				CLANG_WARN_ENUM_CONVERSION = YES;
				CLANG_WARN_INFINITE_RECURSION = YES;
				CLANG_WARN_INT_CONVERSION = YES;
				CLANG_WARN_NON_LITERAL_NULL_CONVERSION = YES;
				CLANG_WARN_OBJC_IMPLICIT_RETAIN_SELF = YES;
				CLANG_WARN_OBJC_LITERAL_CONVERSION = YES;
				CLANG_WARN_OBJC_ROOT_CLASS = YES_ERROR;
				CLANG_WARN_QUOTED_INCLUDE_IN_FRAMEWORK_HEADER = YES;
				CLANG_WARN_RANGE_LOOP_ANALYSIS = YES;
				CLANG_WARN_STRICT_PROTOTYPES = YES;
				CLANG_WARN_SUSPICIOUS_MOVE = YES;
				CLANG_WARN_UNGUARDED_AVAILABILITY = YES_AGGRESSIVE;
				CLANG_WARN_UNREACHABLE_CODE = YES;
				CLANG_WARN__DUPLICATE_METHOD_MATCH = YES;
				COPY_PHASE_STRIP = NO;
				DEBUG_INFORMATION_FORMAT = "dwarf-with-dsym";
				ENABLE_NS_ASSERTIONS = NO;
				ENABLE_STRICT_OBJC_MSGSEND = YES;
				GCC_C_LANGUAGE_STANDARD = gnu11;
				GCC_NO_COMMON_BLOCKS = YES;
				GCC_WARN_64_TO_32_BIT_CONVERSION = YES;
				GCC_WARN_ABOUT_RETURN_TYPE = YES_ERROR;
				GCC_WARN_UNDECLARED_SELECTOR = YES;
				GCC_WARN_UNINITIALIZED_AUTOS = YES_AGGRESSIVE;
				GCC_WARN_UNUSED_FUNCTION = YES;
				GCC_WARN_UNUSED_VARIABLE = YES;
				IPHONEOS_DEPLOYMENT_TARGET = 14.4;
				MTL_ENABLE_DEBUG_INFO = NO;
				MTL_FAST_MATH = YES;
				SDKROOT = iphoneos;
				SWIFT_COMPILATION_MODE = wholemodule;
				SWIFT_OPTIMIZATION_LEVEL = "-O";
				VALIDATE_PRODUCT = YES;
			};
			name = Release;
		};
		A5C1F17D26390E0A0076C36C /* Debug */ = {
			isa = XCBuildConfiguration;
			baseConfigurationReference = 3BCE9B3D2B7697A24201037E /* Pods-toDoNav.debug.xcconfig */;
			buildSettings = {
				ASSETCATALOG_COMPILER_APPICON_NAME = AppIcon;
				ASSETCATALOG_COMPILER_GLOBAL_ACCENT_COLOR_NAME = AccentColor;
				CODE_SIGN_STYLE = Automatic;
				DEVELOPMENT_TEAM = B44P884327;
				INFOPLIST_FILE = toDoNav/Info.plist;
				LD_RUNPATH_SEARCH_PATHS = (
					"$(inherited)",
					"@executable_path/Frameworks",
				);
				PRODUCT_BUNDLE_IDENTIFIER = com.marlonorellana.toDoNav;
				PRODUCT_NAME = "$(TARGET_NAME)";
				SWIFT_VERSION = 5.0;
				TARGETED_DEVICE_FAMILY = "1,2";
			};
			name = Debug;
		};
		A5C1F17E26390E0A0076C36C /* Release */ = {
			isa = XCBuildConfiguration;
			baseConfigurationReference = 2121FC4292C38EE728FEE134 /* Pods-toDoNav.release.xcconfig */;
			buildSettings = {
				ASSETCATALOG_COMPILER_APPICON_NAME = AppIcon;
				ASSETCATALOG_COMPILER_GLOBAL_ACCENT_COLOR_NAME = AccentColor;
				CODE_SIGN_STYLE = Automatic;
				DEVELOPMENT_TEAM = B44P884327;
				INFOPLIST_FILE = toDoNav/Info.plist;
				LD_RUNPATH_SEARCH_PATHS = (
					"$(inherited)",
					"@executable_path/Frameworks",
				);
				PRODUCT_BUNDLE_IDENTIFIER = com.marlonorellana.toDoNav;
				PRODUCT_NAME = "$(TARGET_NAME)";
				SWIFT_VERSION = 5.0;
				TARGETED_DEVICE_FAMILY = "1,2";
			};
			name = Release;
		};
/* End XCBuildConfiguration section */

/* Begin XCConfigurationList section */
		A5C1F16326390E0A0076C36C /* Build configuration list for PBXProject "toDoNav" */ = {
			isa = XCConfigurationList;
			buildConfigurations = (
				A5C1F17A26390E0A0076C36C /* Debug */,
				A5C1F17B26390E0A0076C36C /* Release */,
			);
			defaultConfigurationIsVisible = 0;
			defaultConfigurationName = Release;
		};
		A5C1F17C26390E0A0076C36C /* Build configuration list for PBXNativeTarget "toDoNav" */ = {
			isa = XCConfigurationList;
			buildConfigurations = (
				A5C1F17D26390E0A0076C36C /* Debug */,
				A5C1F17E26390E0A0076C36C /* Release */,
			);
			defaultConfigurationIsVisible = 0;
			defaultConfigurationName = Release;
		};
/* End XCConfigurationList section */
	};
	rootObject = A5C1F16026390E0A0076C36C /* Project object */;
}
